# generated by scripts/wasm/build.sh — commits the wasm was built from
tree-sitter ee0847d605e1545438e557c24f5f41b260a1a4a0
tree-sitter-go 2346a3ab1bb3857b48b29d779a1ef9799a248cd7
tree-sitter-python 26855eabccb19c6abf499fbc5b8dc7cc9ab8bc64
tree-sitter-javascript 58404d8cf191d69f2674a8fd507bd5776f46cb11
tree-sitter-typescript 75b3874edb2dc714fb1fd77a32013d0f8699989f
tree-sitter-java e10607b45ff745f5f876bfa3e94fbcc6b44bdc11
tree-sitter-c b780e47fc780ddc8da13afa35a3f4ed5c157823d
tree-sitter-cpp 8b5b49eb196bec7040441bee33b2c9a4838d6967
tree-sitter-c-sharp af29416d729b7a6603101b513604392d8f675e3b
tree-sitter-rust 77a3747266f4d621d0757825e6b11edcbf991ca5
